
Microsoft Visual Studio Solution File, Format Version 12.00
# Visual Studio Version 17
VisualStudioVersion = 17.3.32825.248
MinimumVisualStudioVersion = 10.0.40219.1
Project("{FAE04EC0-301F-11D3-BF4B-00C04F79EFBC}") = "WindowsFormsApp7", "WindowsFormsApp7\WindowsFormsApp7.csproj", "{D9CAF5D7-4B16-428A-929D-CD78DDA06421}"
EndProject
Project("{FAE04EC0-301F-11D3-BF4B-00C04F79EFBC}") = "ConsoleApp1", "ConsoleApp1\ConsoleApp1.csproj", "{AB83B7A0-9300-4CBB-BDC1-4496B7A2D434}"
EndProject
Global
	GlobalSection(SolutionConfigurationPlatforms) = preSolution
		Debug|Any CPU = Debug|Any CPU
		Release|Any CPU = Release|Any CPU
	EndGlobalSection
	GlobalSection(ProjectConfigurationPlatforms) = postSolution
		{D9CAF5D7-4B16-428A-929D-CD78DDA06421}.Debug|Any CPU.ActiveCfg = Debug|Any CPU
		{D9CAF5D7-4B16-428A-929D-CD78DDA06421}.Debug|Any CPU.Build.0 = Debug|Any CPU
		{D9CAF5D7-4B16-428A-929D-CD78DDA06421}.Release|Any CPU.ActiveCfg = Release|Any CPU
		{D9CAF5D7-4B16-428A-929D-CD78DDA06421}.Release|Any CPU.Build.0 = Release|Any CPU
		{AB83B7A0-9300-4CBB-BDC1-4496B7A2D434}.Debug|Any CPU.ActiveCfg = Debug|Any CPU
		{AB83B7A0-9300-4CBB-BDC1-4496B7A2D434}.Debug|Any CPU.Build.0 = Debug|Any CPU
		{AB83B7A0-9300-4CBB-BDC1-4496B7A2D434}.Release|Any CPU.ActiveCfg = Release|Any CPU
		{AB83B7A0-9300-4CBB-BDC1-4496B7A2D434}.Release|Any CPU.Build.0 = Release|Any CPU
	EndGlobalSection
	GlobalSection(SolutionProperties) = preSolution
		HideSolutionNode = FALSE
	EndGlobalSection
	GlobalSection(ExtensibilityGlobals) = postSolution
		SolutionGuid = {43154A4C-D946-4040-91DA-50F7D9F2CF8E}
	EndGlobalSection
EndGlobal
